
Microsoft Visual Studio Solution File, Format Version 12.00
# Visual Studio Version 17
VisualStudioVersion = 17.11.35312.102
MinimumVisualStudioVersion = 10.0.40219.1
Project("{FAE04EC0-301F-11D3-BF4B-00C04F79EFBC}") = "BeerApi", "BeerApi.csproj", "{210BE3C4-ED21-491A-8825-FFBDF94D2326}"
EndProject
Global
	GlobalSection(SolutionConfigurationPlatforms) = preSolution
		Debug|Any CPU = Debug|Any CPU
		Release|Any CPU = Release|Any CPU
	EndGlobalSection
	GlobalSection(ProjectConfigurationPlatforms) = postSolution
		{210BE3C4-ED21-491A-8825-FFBDF94D2326}.Debug|Any CPU.ActiveCfg = Debug|Any CPU
		{210BE3C4-ED21-491A-8825-FFBDF94D2326}.Debug|Any CPU.Build.0 = Debug|Any CPU
		{210BE3C4-ED21-491A-8825-FFBDF94D2326}.Release|Any CPU.ActiveCfg = Release|Any CPU
		{210BE3C4-ED21-491A-8825-FFBDF94D2326}.Release|Any CPU.Build.0 = Release|Any CPU
	EndGlobalSection
	GlobalSection(SolutionProperties) = preSolution
		HideSolutionNode = FALSE
	EndGlobalSection
	GlobalSection(ExtensibilityGlobals) = postSolution
		SolutionGuid = {915B8FD2-36EB-4551-B22A-9051A815E435}
	EndGlobalSection
EndGlobal
